
Microsoft Visual Studio Solution File, Format Version 12.00
# Visual Studio Version 17
VisualStudioVersion = 17.0.31903.59
MinimumVisualStudioVersion = 10.0.40219.1
Project("{2150E333-8FDC-42A3-9474-1A3956D46DE8}") = "src", "src", "{552F2490-71E2-4A3B-BC89-1EA7F4D91069}"
EndProject
Project("{FAE04EC0-301F-11D3-BF4B-00C04F79EFBC}") = "SearchService.Core", "src\SearchService.Core\SearchService.Core.csproj", "{5AF3449D-C660-4E4C-97F4-BDE5BC872D5F}"
EndProject
Project("{FAE04EC0-301F-11D3-BF4B-00C04F79EFBC}") = "SearchService.Application", "src\SearchService.Application\SearchService.Application.csproj", "{FD1BCBBB-47F9-47BC-83C8-37E76FACD85E}"
EndProject
Project("{FAE04EC0-301F-11D3-BF4B-00C04F79EFBC}") = "SearchService.Infrastructure", "src\SearchService.Infrastructure\SearchService.Infrastructure.csproj", "{F721C6D6-1843-4F39-A4A5-CF8968D4FEDB}"
EndProject
Project("{FAE04EC0-301F-11D3-BF4B-00C04F79EFBC}") = "SearchService.API", "src\SearchService.API\SearchService.API.csproj", "{8DB9992A-1F50-471C-B38F-CC78DE2C46B0}"
EndProject
Project("{2150E333-8FDC-42A3-9474-1A3956D46DE8}") = "tests", "tests", "{1B6C6516-7098-4F39-B90F-5D3619A8EB43}"
EndProject
Project("{FAE04EC0-301F-11D3-BF4B-00C04F79EFBC}") = "SearchService.API.Tests", "tests\SearchService.API.Tests\SearchService.API.Tests.csproj", "{ECC2CCAF-CC92-471B-8DA6-894251990DCA}"
EndProject
Project("{FAE04EC0-301F-11D3-BF4B-00C04F79EFBC}") = "SearchService.Application.Tests", "tests\SearchService.Application.Tests\SearchService.Application.Tests.csproj", "{8D6EDFD5-1E60-46C1-B0AE-225FE230FBF7}"
EndProject
Global
	GlobalSection(SolutionConfigurationPlatforms) = preSolution
		Debug|Any CPU = Debug|Any CPU
		Release|Any CPU = Release|Any CPU
	EndGlobalSection
	GlobalSection(SolutionProperties) = preSolution
		HideSolutionNode = FALSE
	EndGlobalSection
	GlobalSection(ProjectConfigurationPlatforms) = postSolution
		{5AF3449D-C660-4E4C-97F4-BDE5BC872D5F}.Debug|Any CPU.ActiveCfg = Debug|Any CPU
		{5AF3449D-C660-4E4C-97F4-BDE5BC872D5F}.Debug|Any CPU.Build.0 = Debug|Any CPU
		{5AF3449D-C660-4E4C-97F4-BDE5BC872D5F}.Release|Any CPU.ActiveCfg = Release|Any CPU
		{5AF3449D-C660-4E4C-97F4-BDE5BC872D5F}.Release|Any CPU.Build.0 = Release|Any CPU
		{FD1BCBBB-47F9-47BC-83C8-37E76FACD85E}.Debug|Any CPU.ActiveCfg = Debug|Any CPU
		{FD1BCBBB-47F9-47BC-83C8-37E76FACD85E}.Debug|Any CPU.Build.0 = Debug|Any CPU
		{FD1BCBBB-47F9-47BC-83C8-37E76FACD85E}.Release|Any CPU.ActiveCfg = Release|Any CPU
		{FD1BCBBB-47F9-47BC-83C8-37E76FACD85E}.Release|Any CPU.Build.0 = Release|Any CPU
		{F721C6D6-1843-4F39-A4A5-CF8968D4FEDB}.Debug|Any CPU.ActiveCfg = Debug|Any CPU
		{F721C6D6-1843-4F39-A4A5-CF8968D4FEDB}.Debug|Any CPU.Build.0 = Debug|Any CPU
		{F721C6D6-1843-4F39-A4A5-CF8968D4FEDB}.Release|Any CPU.ActiveCfg = Release|Any CPU
		{F721C6D6-1843-4F39-A4A5-CF8968D4FEDB}.Release|Any CPU.Build.0 = Release|Any CPU
		{8DB9992A-1F50-471C-B38F-CC78DE2C46B0}.Debug|Any CPU.ActiveCfg = Debug|Any CPU
		{8DB9992A-1F50-471C-B38F-CC78DE2C46B0}.Debug|Any CPU.Build.0 = Debug|Any CPU
		{8DB9992A-1F50-471C-B38F-CC78DE2C46B0}.Release|Any CPU.ActiveCfg = Release|Any CPU
		{8DB9992A-1F50-471C-B38F-CC78DE2C46B0}.Release|Any CPU.Build.0 = Release|Any CPU
		{ECC2CCAF-CC92-471B-8DA6-894251990DCA}.Debug|Any CPU.ActiveCfg = Debug|Any CPU
		{ECC2CCAF-CC92-471B-8DA6-894251990DCA}.Debug|Any CPU.Build.0 = Debug|Any CPU
		{ECC2CCAF-CC92-471B-8DA6-894251990DCA}.Release|Any CPU.ActiveCfg = Release|Any CPU
		{ECC2CCAF-CC92-471B-8DA6-894251990DCA}.Release|Any CPU.Build.0 = Release|Any CPU
		{8D6EDFD5-1E60-46C1-B0AE-225FE230FBF7}.Debug|Any CPU.ActiveCfg = Debug|Any CPU
		{8D6EDFD5-1E60-46C1-B0AE-225FE230FBF7}.Debug|Any CPU.Build.0 = Debug|Any CPU
		{8D6EDFD5-1E60-46C1-B0AE-225FE230FBF7}.Release|Any CPU.ActiveCfg = Release|Any CPU
		{8D6EDFD5-1E60-46C1-B0AE-225FE230FBF7}.Release|Any CPU.Build.0 = Release|Any CPU
	EndGlobalSection
	GlobalSection(NestedProjects) = preSolution
		{5AF3449D-C660-4E4C-97F4-BDE5BC872D5F} = {552F2490-71E2-4A3B-BC89-1EA7F4D91069}
		{FD1BCBBB-47F9-47BC-83C8-37E76FACD85E} = {552F2490-71E2-4A3B-BC89-1EA7F4D91069}
		{F721C6D6-1843-4F39-A4A5-CF8968D4FEDB} = {552F2490-71E2-4A3B-BC89-1EA7F4D91069}
		{8DB9992A-1F50-471C-B38F-CC78DE2C46B0} = {552F2490-71E2-4A3B-BC89-1EA7F4D91069}
		{ECC2CCAF-CC92-471B-8DA6-894251990DCA} = {1B6C6516-7098-4F39-B90F-5D3619A8EB43}
		{8D6EDFD5-1E60-46C1-B0AE-225FE230FBF7} = {1B6C6516-7098-4F39-B90F-5D3619A8EB43}
	EndGlobalSection
EndGlobal
